// !$*UTF8*$!
{
	archiveVersion = 1;
	classes = {
	};
	objectVersion = 56;
	objects = {

/* Begin PBXBuildFile section */
		937C7FDB29EE75A000EB1F45 /* AppDelegate.swift in Sources */ = {isa = PBXBuildFile; fileRef = 937C7FDA29EE75A000EB1F45 /* AppDelegate.swift */; };
		937C7FDD29EE75A000EB1F45 /* SceneDelegate.swift in Sources */ = {isa = PBXBuildFile; fileRef = 937C7FDC29EE75A000EB1F45 /* SceneDelegate.swift */; };
		937C7FE229EE75A000EB1F45 /* Main.storyboard in Resources */ = {isa = PBXBuildFile; fileRef = 937C7FE029EE75A000EB1F45 /* Main.storyboard */; };
		937C7FE429EE75A100EB1F45 /* Assets.xcassets in Resources */ = {isa = PBXBuildFile; fileRef = 937C7FE329EE75A100EB1F45 /* Assets.xcassets */; };
		937C7FE729EE75A100EB1F45 /* LaunchScreen.storyboard in Resources */ = {isa = PBXBuildFile; fileRef = 937C7FE529EE75A100EB1F45 /* LaunchScreen.storyboard */; };
		937C7FF329EE765A00EB1F45 /* Person.swift in Sources */ = {isa = PBXBuildFile; fileRef = 937C7FF229EE765A00EB1F45 /* Person.swift */; };
		937C7FF529EE8B8800EB1F45 /* ContactListViewController.swift in Sources */ = {isa = PBXBuildFile; fileRef = 937C7FF429EE8B8800EB1F45 /* ContactListViewController.swift */; };
		937C7FF829EF000800EB1F45 /* DataStore.swift in Sources */ = {isa = PBXBuildFile; fileRef = 937C7FF729EF000800EB1F45 /* DataStore.swift */; };
		937C7FFA29EF1DB700EB1F45 /* InfoViewController.swift in Sources */ = {isa = PBXBuildFile; fileRef = 937C7FF929EF1DB700EB1F45 /* InfoViewController.swift */; };
/* End PBXBuildFile section */

/* Begin PBXFileReference section */
		937C7FD729EE75A000EB1F45 /* Contact List.app */ = {isa = PBXFileReference; explicitFileType = wrapper.application; includeInIndex = 0; path = "Contact List.app"; sourceTree = BUILT_PRODUCTS_DIR; };
		937C7FDA29EE75A000EB1F45 /* AppDelegate.swift */ = {isa = PBXFileReference; lastKnownFileType = sourcecode.swift; path = AppDelegate.swift; sourceTree = "<group>"; };
		937C7FDC29EE75A000EB1F45 /* SceneDelegate.swift */ = {isa = PBXFileReference; lastKnownFileType = sourcecode.swift; path = SceneDelegate.swift; sourceTree = "<group>"; };
		937C7FE129EE75A000EB1F45 /* Base */ = {isa = PBXFileReference; lastKnownFileType = file.storyboard; name = Base; path = Base.lproj/Main.storyboard; sourceTree = "<group>"; };
		937C7FE329EE75A100EB1F45 /* Assets.xcassets */ = {isa = PBXFileReference; lastKnownFileType = folder.assetcatalog; path = Assets.xcassets; sourceTree = "<group>"; };
		937C7FE629EE75A100EB1F45 /* Base */ = {isa = PBXFileReference; lastKnownFileType = file.storyboard; name = Base; path = Base.lproj/LaunchScreen.storyboard; sourceTree = "<group>"; };
		937C7FE829EE75A100EB1F45 /* Info.plist */ = {isa = PBXFileReference; lastKnownFileType = text.plist.xml; path = Info.plist; sourceTree = "<group>"; };
		937C7FF229EE765A00EB1F45 /* Person.swift */ = {isa = PBXFileReference; lastKnownFileType = sourcecode.swift; path = Person.swift; sourceTree = "<group>"; };
		937C7FF429EE8B8800EB1F45 /* ContactListViewController.swift */ = {isa = PBXFileReference; lastKnownFileType = sourcecode.swift; path = ContactListViewController.swift; sourceTree = "<group>"; };
		937C7FF729EF000800EB1F45 /* DataStore.swift */ = {isa = PBXFileReference; lastKnownFileType = sourcecode.swift; path = DataStore.swift; sourceTree = "<group>"; };
		937C7FF929EF1DB700EB1F45 /* InfoViewController.swift */ = {isa = PBXFileReference; lastKnownFileType = sourcecode.swift; path = InfoViewController.swift; sourceTree = "<group>"; };
/* End PBXFileReference section */

/* Begin PBXFrameworksBuildPhase section */
		937C7FD429EE75A000EB1F45 /* Frameworks */ = {
			isa = PBXFrameworksBuildPhase;
			buildActionMask = 2147483647;
			files = (
			);
			runOnlyForDeploymentPostprocessing = 0;
		};
/* End PBXFrameworksBuildPhase section */

/* Begin PBXGroup section */
		937C7FCE29EE75A000EB1F45 = {
			isa = PBXGroup;
			children = (
				937C7FD929EE75A000EB1F45 /* Contact List */,
				937C7FD829EE75A000EB1F45 /* Products */,
			);
			sourceTree = "<group>";
		};
		937C7FD829EE75A000EB1F45 /* Products */ = {
			isa = PBXGroup;
			children = (
				937C7FD729EE75A000EB1F45 /* Contact List.app */,
			);
			name = Products;
			sourceTree = "<group>";
		};
		937C7FD929EE75A000EB1F45 /* Contact List */ = {
			isa = PBXGroup;
			children = (
				937C7FEE29EE75BA00EB1F45 /* App */,
				937C7FF129EE760100EB1F45 /* Models */,
				937C7FF629EEFFEA00EB1F45 /* Services */,
				937C7FF029EE75EE00EB1F45 /* ViewControllers */,
				937C7FEF29EE75DD00EB1F45 /* Storyboards */,
				937C7FE329EE75A100EB1F45 /* Assets.xcassets */,
			);
			path = "Contact List";
			sourceTree = "<group>";
		};
		937C7FEE29EE75BA00EB1F45 /* App */ = {
			isa = PBXGroup;
			children = (
				937C7FDA29EE75A000EB1F45 /* AppDelegate.swift */,
				937C7FDC29EE75A000EB1F45 /* SceneDelegate.swift */,
				937C7FE829EE75A100EB1F45 /* Info.plist */,
			);
			path = App;
			sourceTree = "<group>";
		};
		937C7FEF29EE75DD00EB1F45 /* Storyboards */ = {
			isa = PBXGroup;
			children = (
				937C7FE029EE75A000EB1F45 /* Main.storyboard */,
				937C7FE529EE75A100EB1F45 /* LaunchScreen.storyboard */,
			);
			path = Storyboards;
			sourceTree = "<group>";
		};
		937C7FF029EE75EE00EB1F45 /* ViewControllers */ = {
			isa = PBXGroup;
			children = (
				937C7FF429EE8B8800EB1F45 /* ContactListViewController.swift */,
				937C7FF929EF1DB700EB1F45 /* InfoViewController.swift */,
			);
			path = ViewControllers;
			sourceTree = "<group>";
		};
		937C7FF129EE760100EB1F45 /* Models */ = {
			isa = PBXGroup;
			children = (
				937C7FF229EE765A00EB1F45 /* Person.swift */,
			);
			path = Models;
			sourceTree = "<group>";
		};
		937C7FF629EEFFEA00EB1F45 /* Services */ = {
			isa = PBXGroup;
			children = (
				937C7FF729EF000800EB1F45 /* DataStore.swift */,
			);
			path = Services;
			sourceTree = "<group>";
		};
/* End PBXGroup section */

/* Begin PBXNativeTarget section */
		937C7FD629EE75A000EB1F45 /* Contact List */ = {
			isa = PBXNativeTarget;
			buildConfigurationList = 937C7FEB29EE75A100EB1F45 /* Build configuration list for PBXNativeTarget "Contact List" */;
			buildPhases = (
				937C7FD329EE75A000EB1F45 /* Sources */,
				937C7FD429EE75A000EB1F45 /* Frameworks */,
				937C7FD529EE75A000EB1F45 /* Resources */,
			);
			buildRules = (
			);
			dependencies = (
			);
			name = "Contact List";
			productName = "Contact List";
			productReference = 937C7FD729EE75A000EB1F45 /* Contact List.app */;
			productType = "com.apple.product-type.application";
		};
/* End PBXNativeTarget section */

/* Begin PBXProject section */
		937C7FCF29EE75A000EB1F45 /* Project object */ = {
			isa = PBXProject;
			attributes = {
				BuildIndependentTargetsInParallel = 1;
				LastSwiftUpdateCheck = 1430;
				LastUpgradeCheck = 1430;
				TargetAttributes = {
					937C7FD629EE75A000EB1F45 = {
						CreatedOnToolsVersion = 14.3;
					};
				};
			};
			buildConfigurationList = 937C7FD229EE75A000EB1F45 /* Build configuration list for PBXProject "Contact List" */;
			compatibilityVersion = "Xcode 14.0";
			developmentRegion = en;
			hasScannedForEncodings = 0;
			knownRegions = (
				en,
				Base,
			);
			mainGroup = 937C7FCE29EE75A000EB1F45;
			productRefGroup = 937C7FD829EE75A000EB1F45 /* Products */;
			projectDirPath = "";
			projectRoot = "";
			targets = (
				937C7FD629EE75A000EB1F45 /* Contact List */,
			);
		};
/* End PBXProject section */

/* Begin PBXResourcesBuildPhase section */
		937C7FD529EE75A000EB1F45 /* Resources */ = {
			isa = PBXResourcesBuildPhase;
			buildActionMask = 2147483647;
			files = (
				937C7FE729EE75A100EB1F45 /* LaunchScreen.storyboard in Resources */,
				937C7FE429EE75A100EB1F45 /* Assets.xcassets in Resources */,
				937C7FE229EE75A000EB1F45 /* Main.storyboard in Resources */,
			);
			runOnlyForDeploymentPostprocessing = 0;
		};
/* End PBXResourcesBuildPhase section */

/* Begin PBXSourcesBuildPhase section */
		937C7FD329EE75A000EB1F45 /* Sources */ = {
			isa = PBXSourcesBuildPhase;
			buildActionMask = 2147483647;
			files = (
				937C7FDB29EE75A000EB1F45 /* AppDelegate.swift in Sources */,
				937C7FF529EE8B8800EB1F45 /* ContactListViewController.swift in Sources */,
				937C7FF329EE765A00EB1F45 /* Person.swift in Sources */,
				937C7FF829EF000800EB1F45 /* DataStore.swift in Sources */,
				937C7FFA29EF1DB700EB1F45 /* InfoViewController.swift in Sources */,
				937C7FDD29EE75A000EB1F45 /* SceneDelegate.swift in Sources */,
			);
			runOnlyForDeploymentPostprocessing = 0;
		};
/* End PBXSourcesBuildPhase section */

/* Begin PBXVariantGroup section */
		937C7FE029EE75A000EB1F45 /* Main.storyboard */ = {
			isa = PBXVariantGroup;
			children = (
				937C7FE129EE75A000EB1F45 /* Base */,
			);
			name = Main.storyboard;
			sourceTree = "<group>";
		};
		937C7FE529EE75A100EB1F45 /* LaunchScreen.storyboard */ = {
			isa = PBXVariantGroup;
			children = (
				937C7FE629EE75A100EB1F45 /* Base */,
			);
			name = LaunchScreen.storyboard;
			sourceTree = "<group>";
		};
/* End PBXVariantGroup section */

/* Begin XCBuildConfiguration section */
		937C7FE929EE75A100EB1F45 /* Debug */ = {
			isa = XCBuildConfiguration;
			buildSettings = {
				ALWAYS_SEARCH_USER_PATHS = NO;
				CLANG_ANALYZER_NONNULL = YES;
				CLANG_ANALYZER_NUMBER_OBJECT_CONVERSION = YES_AGGRESSIVE;
				CLANG_CXX_LANGUAGE_STANDARD = "gnu++20";
				CLANG_ENABLE_MODULES = YES;
				CLANG_ENABLE_OBJC_ARC = YES;
				CLANG_ENABLE_OBJC_WEAK = YES;
				CLANG_WARN_BLOCK_CAPTURE_AUTORELEASING = YES;
				CLANG_WARN_BOOL_CONVERSION = YES;
				CLANG_WARN_COMMA = YES;
				CLANG_WARN_CONSTANT_CONVERSION = YES;
				CLANG_WARN_DEPRECATED_OBJC_IMPLEMENTATIONS = YES;
				CLANG_WARN_DIRECT_OBJC_ISA_USAGE = YES_ERROR;
				CLANG_WARN_DOCUMENTATION_COMMENTS = YES;
				CLANG_WARN_EMPTY_BODY = YES;
				CLANG_WARN_ENUM_CONVERSION = YES;
				CLANG_WARN_INFINITE_RECURSION = YES;
				CLANG_WARN_INT_CONVERSION = YES;
				CLANG_WARN_NON_LITERAL_NULL_CONVERSION = YES;
				CLANG_WARN_OBJC_IMPLICIT_RETAIN_SELF = YES;
				CLANG_WARN_OBJC_LITERAL_CONVERSION = YES;
				CLANG_WARN_OBJC_ROOT_CLASS = YES_ERROR;
				CLANG_WARN_QUOTED_INCLUDE_IN_FRAMEWORK_HEADER = YES;
				CLANG_WARN_RANGE_LOOP_ANALYSIS = YES;
				CLANG_WARN_STRICT_PROTOTYPES = YES;
				CLANG_WARN_SUSPICIOUS_MOVE = YES;
				CLANG_WARN_UNGUARDED_AVAILABILITY = YES_AGGRESSIVE;
				CLANG_WARN_UNREACHABLE_CODE = YES;
				CLANG_WARN__DUPLICATE_METHOD_MATCH = YES;
				COPY_PHASE_STRIP = NO;
				DEBUG_INFORMATION_FORMAT = dwarf;
				ENABLE_STRICT_OBJC_MSGSEND = YES;
				ENABLE_TESTABILITY = YES;
				GCC_C_LANGUAGE_STANDARD = gnu11;
				GCC_DYNAMIC_NO_PIC = NO;
				GCC_NO_COMMON_BLOCKS = YES;
				GCC_OPTIMIZATION_LEVEL = 0;
				GCC_PREPROCESSOR_DEFINITIONS = (
					"DEBUG=1",
					"$(inherited)",
				);
				GCC_WARN_64_TO_32_BIT_CONVERSION = YES;
				GCC_WARN_ABOUT_RETURN_TYPE = YES_ERROR;
				GCC_WARN_UNDECLARED_SELECTOR = YES;
				GCC_WARN_UNINITIALIZED_AUTOS = YES_AGGRESSIVE;
				GCC_WARN_UNUSED_FUNCTION = YES;
				GCC_WARN_UNUSED_VARIABLE = YES;
				IPHONEOS_DEPLOYMENT_TARGET = 16.4;
				MTL_ENABLE_DEBUG_INFO = INCLUDE_SOURCE;
				MTL_FAST_MATH = YES;
				ONLY_ACTIVE_ARCH = YES;
				SDKROOT = iphoneos;
				SWIFT_ACTIVE_COMPILATION_CONDITIONS = DEBUG;
				SWIFT_OPTIMIZATION_LEVEL = "-Onone";
			};
			name = Debug;
		};
		937C7FEA29EE75A100EB1F45 /* Release */ = {
			isa = XCBuildConfiguration;
			buildSettings = {
				ALWAYS_SEARCH_USER_PATHS = NO;
				CLANG_ANALYZER_NONNULL = YES;
				CLANG_ANALYZER_NUMBER_OBJECT_CONVERSION = YES_AGGRESSIVE;
				CLANG_CXX_LANGUAGE_STANDARD = "gnu++20";
				CLANG_ENABLE_MODULES = YES;
				CLANG_ENABLE_OBJC_ARC = YES;
				CLANG_ENABLE_OBJC_WEAK = YES;
				CLANG_WARN_BLOCK_CAPTURE_AUTORELEASING = YES;
				CLANG_WARN_BOOL_CONVERSION = YES;
				CLANG_WARN_COMMA = YES;
				CLANG_WARN_CONSTANT_CONVERSION = YES;
				CLANG_WARN_DEPRECATED_OBJC_IMPLEMENTATIONS = YES;
				CLANG_WARN_DIRECT_OBJC_ISA_USAGE = YES_ERROR;
				CLANG_WARN_DOCUMENTATION_COMMENTS = YES;
				CLANG_WARN_EMPTY_BODY = YES;
				CLANG_WARN_ENUM_CONVERSION = YES;
				CLANG_WARN_INFINITE_RECURSION = YES;
				CLANG_WARN_INT_CONVERSION = YES;
				CLANG_WARN_NON_LITERAL_NULL_CONVERSION = YES;
				CLANG_WARN_OBJC_IMPLICIT_RETAIN_SELF = YES;
				CLANG_WARN_OBJC_LITERAL_CONVERSION = YES;
				CLANG_WARN_OBJC_ROOT_CLASS = YES_ERROR;
				CLANG_WARN_QUOTED_INCLUDE_IN_FRAMEWORK_HEADER = YES;
				CLANG_WARN_RANGE_LOOP_ANALYSIS = YES;
				CLANG_WARN_STRICT_PROTOTYPES = YES;
				CLANG_WARN_SUSPICIOUS_MOVE = YES;
				CLANG_WARN_UNGUARDED_AVAILABILITY = YES_AGGRESSIVE;
				CLANG_WARN_UNREACHABLE_CODE = YES;
				CLANG_WARN__DUPLICATE_METHOD_MATCH = YES;
				COPY_PHASE_STRIP = NO;
				DEBUG_INFORMATION_FORMAT = "dwarf-with-dsym";
				ENABLE_NS_ASSERTIONS = NO;
				ENABLE_STRICT_OBJC_MSGSEND = YES;
				GCC_C_LANGUAGE_STANDARD = gnu11;
				GCC_NO_COMMON_BLOCKS = YES;
				GCC_WARN_64_TO_32_BIT_CONVERSION = YES;
				GCC_WARN_ABOUT_RETURN_TYPE = YES_ERROR;
				GCC_WARN_UNDECLARED_SELECTOR = YES;
				GCC_WARN_UNINITIALIZED_AUTOS = YES_AGGRESSIVE;
				GCC_WARN_UNUSED_FUNCTION = YES;
				GCC_WARN_UNUSED_VARIABLE = YES;
				IPHONEOS_DEPLOYMENT_TARGET = 16.4;
				MTL_ENABLE_DEBUG_INFO = NO;
				MTL_FAST_MATH = YES;
				SDKROOT = iphoneos;
				SWIFT_COMPILATION_MODE = wholemodule;
				SWIFT_OPTIMIZATION_LEVEL = "-O";
				VALIDATE_PRODUCT = YES;
			};
			name = Release;
		};
		937C7FEC29EE75A100EB1F45 /* Debug */ = {
			isa = XCBuildConfiguration;
			buildSettings = {
				ASSETCATALOG_COMPILER_APPICON_NAME = AppIcon;
				ASSETCATALOG_COMPILER_GLOBAL_ACCENT_COLOR_NAME = AccentColor;
				CODE_SIGN_STYLE = Automatic;
				CURRENT_PROJECT_VERSION = 1;
				DEVELOPMENT_TEAM = 7PMP3UQ276;
				GENERATE_INFOPLIST_FILE = YES;
				INFOPLIST_FILE = "Contact List/App/Info.plist";
				INFOPLIST_KEY_UIApplicationSupportsIndirectInputEvents = YES;
				INFOPLIST_KEY_UILaunchStoryboardName = LaunchScreen;
				INFOPLIST_KEY_UIMainStoryboardFile = Main;
				INFOPLIST_KEY_UISupportedInterfaceOrientations = UIInterfaceOrientationPortrait;
				INFOPLIST_KEY_UISupportedInterfaceOrientations_iPad = "UIInterfaceOrientationLandscapeLeft UIInterfaceOrientationLandscapeRight UIInterfaceOrientationPortrait UIInterfaceOrientationPortraitUpsideDown";
				LD_RUNPATH_SEARCH_PATHS = (
					"$(inherited)",
					"@executable_path/Frameworks",
				);
				MARKETING_VERSION = 1.0;
				PRODUCT_BUNDLE_IDENTIFIER = "com.angelayu.Contact-List";
				PRODUCT_NAME = "$(TARGET_NAME)";
				SUPPORTED_PLATFORMS = "iphoneos iphonesimulator";
				SUPPORTS_MACCATALYST = NO;
				SUPPORTS_MAC_DESIGNED_FOR_IPHONE_IPAD = NO;
				SWIFT_EMIT_LOC_STRINGS = YES;
				SWIFT_VERSION = 5.0;
				TARGETED_DEVICE_FAMILY = 1;
			};
			name = Debug;
		};
		937C7FED29EE75A100EB1F45 /* Release */ = {
			isa = XCBuildConfiguration;
			buildSettings = {
				ASSETCATALOG_COMPILER_APPICON_NAME = AppIcon;
				ASSETCATALOG_COMPILER_GLOBAL_ACCENT_COLOR_NAME = AccentColor;
				CODE_SIGN_STYLE = Automatic;
				CURRENT_PROJECT_VERSION = 1;
				DEVELOPMENT_TEAM = 7PMP3UQ276;
				GENERATE_INFOPLIST_FILE = YES;
				INFOPLIST_FILE = "Contact List/App/Info.plist";
				INFOPLIST_KEY_UIApplicationSupportsIndirectInputEvents = YES;
				INFOPLIST_KEY_UILaunchStoryboardName = LaunchScreen;
				INFOPLIST_KEY_UIMainStoryboardFile = Main;
				INFOPLIST_KEY_UISupportedInterfaceOrientations = UIInterfaceOrientationPortrait;
				INFOPLIST_KEY_UISupportedInterfaceOrientations_iPad = "UIInterfaceOrientationLandscapeLeft UIInterfaceOrientationLandscapeRight UIInterfaceOrientationPortrait UIInterfaceOrientationPortraitUpsideDown";
				LD_RUNPATH_SEARCH_PATHS = (
					"$(inherited)",
					"@executable_path/Frameworks",
				);
				MARKETING_VERSION = 1.0;
				PRODUCT_BUNDLE_IDENTIFIER = "com.angelayu.Contact-List";
				PRODUCT_NAME = "$(TARGET_NAME)";
				SUPPORTED_PLATFORMS = "iphoneos iphonesimulator";
				SUPPORTS_MACCATALYST = NO;
				SUPPORTS_MAC_DESIGNED_FOR_IPHONE_IPAD = NO;
				SWIFT_EMIT_LOC_STRINGS = YES;
				SWIFT_VERSION = 5.0;
				TARGETED_DEVICE_FAMILY = 1;
			};
			name = Release;
		};
/* End XCBuildConfiguration section */

/* Begin XCConfigurationList section */
		937C7FD229EE75A000EB1F45 /* Build configuration list for PBXProject "Contact List" */ = {
			isa = XCConfigurationList;
			buildConfigurations = (
				937C7FE929EE75A100EB1F45 /* Debug */,
				937C7FEA29EE75A100EB1F45 /* Release */,
			);
			defaultConfigurationIsVisible = 0;
			defaultConfigurationName = Release;
		};
		937C7FEB29EE75A100EB1F45 /* Build configuration list for PBXNativeTarget "Contact List" */ = {
			isa = XCConfigurationList;
			buildConfigurations = (
				937C7FEC29EE75A100EB1F45 /* Debug */,
				937C7FED29EE75A100EB1F45 /* Release */,
			);
			defaultConfigurationIsVisible = 0;
			defaultConfigurationName = Release;
		};
/* End XCConfigurationList section */
	};
	rootObject = 937C7FCF29EE75A000EB1F45 /* Project object */;
}
